PODS:
  - ScrollCoordinator (0.7.0)

DEPENDENCIES:
  - ScrollCoordinator (from `../`)

EXTERNAL SOURCES:
  ScrollCoordinator:
    :path: "../"

SPEC CHECKSUMS:
  ScrollCoordinator: 09cc3187ee76df7a3d4c0c13101efee7e59fb462

PODFILE CHECKSUM: e2c3bc33e249c09b205e06f304e928731eef74d1

COCOAPODS: 1.5.3
